
Microsoft Visual Studio Solution File, Format Version 12.00
# Visual Studio Version 16
VisualStudioVersion = 16.0.29806.167
MinimumVisualStudioVersion = 10.0.40219.1
Project("{FAE04EC0-301F-11D3-BF4B-00C04F79EFBC}") = "Thandizo.DataModels", "Thandizo.DataModels\Thandizo.DataModels.csproj", "{BDDBF4CF-6A58-4AF1-AC7C-AC13BCD24175}"
EndProject
Global
	GlobalSection(SolutionConfigurationPlatforms) = preSolution
		Debug|Any CPU = Debug|Any CPU
		Release|Any CPU = Release|Any CPU
	EndGlobalSection
	GlobalSection(ProjectConfigurationPlatforms) = postSolution
		{BDDBF4CF-6A58-4AF1-AC7C-AC13BCD24175}.Debug|Any CPU.ActiveCfg = Debug|Any CPU
		{BDDBF4CF-6A58-4AF1-AC7C-AC13BCD24175}.Debug|Any CPU.Build.0 = Debug|Any CPU
		{BDDBF4CF-6A58-4AF1-AC7C-AC13BCD24175}.Release|Any CPU.ActiveCfg = Release|Any CPU
		{BDDBF4CF-6A58-4AF1-AC7C-AC13BCD24175}.Release|Any CPU.Build.0 = Release|Any CPU
	EndGlobalSection
	GlobalSection(SolutionProperties) = preSolution
		HideSolutionNode = FALSE
	EndGlobalSection
	GlobalSection(ExtensibilityGlobals) = postSolution
		SolutionGuid = {3C13FFE5-240A-4B98-9DE9-39368152CFD8}
	EndGlobalSection
EndGlobal
